
Microsoft Visual Studio Solution File, Format Version 12.00
# Visual Studio Version 16
VisualStudioVersion = 16.0.31112.23
MinimumVisualStudioVersion = 10.0.40219.1
Project("{2150E333-8FDC-42A3-9474-1A3956D46DE8}") = "00.template.config", "00.template.config", "{3CEB9CBD-BB98-4ED7-B023-9FAF0680593C}"
	ProjectSection(SolutionItems) = preProject
		.template.config\template.json = .template.config\template.json
	EndProjectSection
EndProject
Project("{2150E333-8FDC-42A3-9474-1A3956D46DE8}") = "src", "src", "{341B2087-BB0E-48E6-B233-6A8218D64C5E}"
EndProject
Project("{9A19103F-16F7-4668-BE54-9A1E7A4F7556}") = "Sophon.Boxed.BasicWebApi", "src\Sophon.Boxed.BasicWebApi\Sophon.Boxed.BasicWebApi.csproj", "{BFE2C705-1EB5-4DC8-9F2B-1C1A59A6E1F9}"
EndProject
Project("{2150E333-8FDC-42A3-9474-1A3956D46DE8}") = "test", "test", "{587EF224-1119-4089-8D74-30FA3CCFC461}"
EndProject
Project("{9A19103F-16F7-4668-BE54-9A1E7A4F7556}") = "Sophon.Boxed.BasicWebApi.Test.ConsoleClient", "test\Sophon.Boxed.BasicWebApi.Test.ConsoleClient\Sophon.Boxed.BasicWebApi.Test.ConsoleClient.csproj", "{9AA516F1-A6A6-4E35-9766-5C9F9F564166}"
EndProject
Project("{9A19103F-16F7-4668-BE54-9A1E7A4F7556}") = "Sophon.Boxed.Infrastructure", "src\Sophon.Boxed.Infrastructure\Sophon.Boxed.Infrastructure.csproj", "{30F580BA-E0BF-4994-B20E-40C58C333D1A}"
EndProject
Project("{FAE04EC0-301F-11D3-BF4B-00C04F79EFBC}") = "Sophon.Boxed.Domain", "src\Sophon.Boxed.Domain\Sophon.Boxed.Domain.csproj", "{7C043950-B7AC-4780-A6A0-0498EFF1AB83}"
EndProject
Global
	GlobalSection(SolutionConfigurationPlatforms) = preSolution
		Debug|Any CPU = Debug|Any CPU
		Release|Any CPU = Release|Any CPU
	EndGlobalSection
	GlobalSection(ProjectConfigurationPlatforms) = postSolution
		{BFE2C705-1EB5-4DC8-9F2B-1C1A59A6E1F9}.Debug|Any CPU.ActiveCfg = Debug|Any CPU
		{BFE2C705-1EB5-4DC8-9F2B-1C1A59A6E1F9}.Debug|Any CPU.Build.0 = Debug|Any CPU
		{BFE2C705-1EB5-4DC8-9F2B-1C1A59A6E1F9}.Release|Any CPU.ActiveCfg = Release|Any CPU
		{BFE2C705-1EB5-4DC8-9F2B-1C1A59A6E1F9}.Release|Any CPU.Build.0 = Release|Any CPU
		{9AA516F1-A6A6-4E35-9766-5C9F9F564166}.Debug|Any CPU.ActiveCfg = Debug|Any CPU
		{9AA516F1-A6A6-4E35-9766-5C9F9F564166}.Debug|Any CPU.Build.0 = Debug|Any CPU
		{9AA516F1-A6A6-4E35-9766-5C9F9F564166}.Release|Any CPU.ActiveCfg = Release|Any CPU
		{9AA516F1-A6A6-4E35-9766-5C9F9F564166}.Release|Any CPU.Build.0 = Release|Any CPU
		{30F580BA-E0BF-4994-B20E-40C58C333D1A}.Debug|Any CPU.ActiveCfg = Debug|Any CPU
		{30F580BA-E0BF-4994-B20E-40C58C333D1A}.Debug|Any CPU.Build.0 = Debug|Any CPU
		{30F580BA-E0BF-4994-B20E-40C58C333D1A}.Release|Any CPU.ActiveCfg = Release|Any CPU
		{30F580BA-E0BF-4994-B20E-40C58C333D1A}.Release|Any CPU.Build.0 = Release|Any CPU
		{7C043950-B7AC-4780-A6A0-0498EFF1AB83}.Debug|Any CPU.ActiveCfg = Debug|Any CPU
		{7C043950-B7AC-4780-A6A0-0498EFF1AB83}.Debug|Any CPU.Build.0 = Debug|Any CPU
		{7C043950-B7AC-4780-A6A0-0498EFF1AB83}.Release|Any CPU.ActiveCfg = Release|Any CPU
		{7C043950-B7AC-4780-A6A0-0498EFF1AB83}.Release|Any CPU.Build.0 = Release|Any CPU
	EndGlobalSection
	GlobalSection(SolutionProperties) = preSolution
		HideSolutionNode = FALSE
	EndGlobalSection
	GlobalSection(NestedProjects) = preSolution
		{BFE2C705-1EB5-4DC8-9F2B-1C1A59A6E1F9} = {341B2087-BB0E-48E6-B233-6A8218D64C5E}
		{9AA516F1-A6A6-4E35-9766-5C9F9F564166} = {587EF224-1119-4089-8D74-30FA3CCFC461}
		{30F580BA-E0BF-4994-B20E-40C58C333D1A} = {341B2087-BB0E-48E6-B233-6A8218D64C5E}
		{7C043950-B7AC-4780-A6A0-0498EFF1AB83} = {341B2087-BB0E-48E6-B233-6A8218D64C5E}
	EndGlobalSection
	GlobalSection(ExtensibilityGlobals) = postSolution
		SolutionGuid = {E9008076-79E5-4DC0-9313-147AB36531E1}
	EndGlobalSection
EndGlobal
