
Microsoft Visual Studio Solution File, Format Version 12.00
# Visual Studio Version 16
VisualStudioVersion = 16.0.30611.23
MinimumVisualStudioVersion = 10.0.40219.1
Project("{9A19103F-16F7-4668-BE54-9A1E7A4F7556}") = "Sophon.Toolkit", "src\Sophon.Toolkit\Sophon.Toolkit.csproj", "{9D279C66-0AC2-4D94-AB95-6ADCFDDFE560}"
EndProject
Project("{9A19103F-16F7-4668-BE54-9A1E7A4F7556}") = "Sophon.Toolkit.Tests", "test\Sophon.Toolkit.Tests\Sophon.Toolkit.Tests.csproj", "{96DE7680-57E0-4A43-9114-1050FC0D187D}"
EndProject
Project("{9A19103F-16F7-4668-BE54-9A1E7A4F7556}") = "Sophon.Toolkit.Tests.ConsoleApp", "test\Sophon.Toolkit.Tests.ConsoleApp\Sophon.Toolkit.Tests.ConsoleApp.csproj", "{8FF891BD-B9AD-44DD-8EF7-BC39E39682E8}"
EndProject
Project("{9A19103F-16F7-4668-BE54-9A1E7A4F7556}") = "Sophon.Toolkit.EntityFrameworkCore", "src\Sophon.Toolkit.EntityFrameworkCore\Sophon.Toolkit.EntityFrameworkCore.csproj", "{93FECFC3-CAE5-4C5C-B3F4-99730EB6048B}"
EndProject
Project("{FAE04EC0-301F-11D3-BF4B-00C04F79EFBC}") = "Sophon.Toolkit.EntityFrameworkCore.Tests.AspNetCore", "test\Sophon.Toolkit.EntityFrameworkCore.Tests.AspNetCore\Sophon.Toolkit.EntityFrameworkCore.Tests.AspNetCore.csproj", "{162877A5-1B21-4770-B845-FE87841C0FA4}"
EndProject
Project("{2150E333-8FDC-42A3-9474-1A3956D46DE8}") = "src", "src", "{9680365E-4203-4287-962F-05AD81A8354B}"
EndProject
Project("{2150E333-8FDC-42A3-9474-1A3956D46DE8}") = "test", "test", "{DFB968FC-2DA4-4075-A502-A7950DA6FD23}"
EndProject
Global
	GlobalSection(SolutionConfigurationPlatforms) = preSolution
		Debug|Any CPU = Debug|Any CPU
		Release|Any CPU = Release|Any CPU
	EndGlobalSection
	GlobalSection(ProjectConfigurationPlatforms) = postSolution
		{9D279C66-0AC2-4D94-AB95-6ADCFDDFE560}.Debug|Any CPU.ActiveCfg = Debug|Any CPU
		{9D279C66-0AC2-4D94-AB95-6ADCFDDFE560}.Debug|Any CPU.Build.0 = Debug|Any CPU
		{9D279C66-0AC2-4D94-AB95-6ADCFDDFE560}.Release|Any CPU.ActiveCfg = Release|Any CPU
		{9D279C66-0AC2-4D94-AB95-6ADCFDDFE560}.Release|Any CPU.Build.0 = Release|Any CPU
		{96DE7680-57E0-4A43-9114-1050FC0D187D}.Debug|Any CPU.ActiveCfg = Debug|Any CPU
		{96DE7680-57E0-4A43-9114-1050FC0D187D}.Debug|Any CPU.Build.0 = Debug|Any CPU
		{96DE7680-57E0-4A43-9114-1050FC0D187D}.Release|Any CPU.ActiveCfg = Release|Any CPU
		{96DE7680-57E0-4A43-9114-1050FC0D187D}.Release|Any CPU.Build.0 = Release|Any CPU
		{8FF891BD-B9AD-44DD-8EF7-BC39E39682E8}.Debug|Any CPU.ActiveCfg = Debug|Any CPU
		{8FF891BD-B9AD-44DD-8EF7-BC39E39682E8}.Debug|Any CPU.Build.0 = Debug|Any CPU
		{8FF891BD-B9AD-44DD-8EF7-BC39E39682E8}.Release|Any CPU.ActiveCfg = Release|Any CPU
		{8FF891BD-B9AD-44DD-8EF7-BC39E39682E8}.Release|Any CPU.Build.0 = Release|Any CPU
		{93FECFC3-CAE5-4C5C-B3F4-99730EB6048B}.Debug|Any CPU.ActiveCfg = Debug|Any CPU
		{93FECFC3-CAE5-4C5C-B3F4-99730EB6048B}.Debug|Any CPU.Build.0 = Debug|Any CPU
		{93FECFC3-CAE5-4C5C-B3F4-99730EB6048B}.Release|Any CPU.ActiveCfg = Release|Any CPU
		{93FECFC3-CAE5-4C5C-B3F4-99730EB6048B}.Release|Any CPU.Build.0 = Release|Any CPU
		{162877A5-1B21-4770-B845-FE87841C0FA4}.Debug|Any CPU.ActiveCfg = Debug|Any CPU
		{162877A5-1B21-4770-B845-FE87841C0FA4}.Debug|Any CPU.Build.0 = Debug|Any CPU
		{162877A5-1B21-4770-B845-FE87841C0FA4}.Release|Any CPU.ActiveCfg = Release|Any CPU
		{162877A5-1B21-4770-B845-FE87841C0FA4}.Release|Any CPU.Build.0 = Release|Any CPU
	EndGlobalSection
	GlobalSection(SolutionProperties) = preSolution
		HideSolutionNode = FALSE
	EndGlobalSection
	GlobalSection(NestedProjects) = preSolution
		{9D279C66-0AC2-4D94-AB95-6ADCFDDFE560} = {9680365E-4203-4287-962F-05AD81A8354B}
		{96DE7680-57E0-4A43-9114-1050FC0D187D} = {DFB968FC-2DA4-4075-A502-A7950DA6FD23}
		{8FF891BD-B9AD-44DD-8EF7-BC39E39682E8} = {DFB968FC-2DA4-4075-A502-A7950DA6FD23}
		{93FECFC3-CAE5-4C5C-B3F4-99730EB6048B} = {9680365E-4203-4287-962F-05AD81A8354B}
		{162877A5-1B21-4770-B845-FE87841C0FA4} = {DFB968FC-2DA4-4075-A502-A7950DA6FD23}
	EndGlobalSection
	GlobalSection(ExtensibilityGlobals) = postSolution
		SolutionGuid = {FA99B908-4F19-4BCB-A523-E7D36A2EFA84}
	EndGlobalSection
EndGlobal
